
Microsoft Visual Studio Solution File, Format Version 12.00
# Visual Studio 2012
Project("{FAE04EC0-301F-11D3-BF4B-00C04F79EFBC}") = "Telnet", "Telnet\Telnet.csproj", "{B39CE1E3-6A54-4108-A1BB-1B5A5ECBA2DC}"
EndProject
Global
	GlobalSection(SolutionConfigurationPlatforms) = preSolution
		Debug|Any CPU = Debug|Any CPU
		Release|Any CPU = Release|Any CPU
	EndGlobalSection
	GlobalSection(ProjectConfigurationPlatforms) = postSolution
		{B39CE1E3-6A54-4108-A1BB-1B5A5ECBA2DC}.Debug|Any CPU.ActiveCfg = Debug|Any CPU
		{B39CE1E3-6A54-4108-A1BB-1B5A5ECBA2DC}.Debug|Any CPU.Build.0 = Debug|Any CPU
		{B39CE1E3-6A54-4108-A1BB-1B5A5ECBA2DC}.Release|Any CPU.ActiveCfg = Release|Any CPU
		{B39CE1E3-6A54-4108-A1BB-1B5A5ECBA2DC}.Release|Any CPU.Build.0 = Release|Any CPU
	EndGlobalSection
	GlobalSection(SolutionProperties) = preSolution
		HideSolutionNode = FALSE
	EndGlobalSection
EndGlobal
